// !$*UTF8*$!
{
	archiveVersion = 1;
	classes = {
	};
	objectVersion = 46;
	objects = {

/* Begin PBXBuildFile section */
		DD77F0CD1A37E89F00AC40EF /* CardTableViewController.m in Sources */ = {isa = PBXBuildFile; fileRef = DD77F0CC1A37E89F00AC40EF /* CardTableViewController.m */; };
		DD8FED521A25CAFD003F2AC2 /* FolderNameDB.m in Sources */ = {isa = PBXBuildFile; fileRef = DD8FED511A25CAFD003F2AC2 /* FolderNameDB.m */; };
		DD8FED541A25D0AC003F2AC2 /* FolderName.sql in Resources */ = {isa = PBXBuildFile; fileRef = DD8FED531A25D0AC003F2AC2 /* FolderName.sql */; };
		DD8FED591A25D1BA003F2AC2 /* UIKit.framework in Frameworks */ = {isa = PBXBuildFile; fileRef = DD8FED581A25D1BA003F2AC2 /* UIKit.framework */; };
		DD8FED5A1A25D1C4003F2AC2 /* Foundation.framework in Frameworks */ = {isa = PBXBuildFile; fileRef = DD8FED551A25D15E003F2AC2 /* Foundation.framework */; };
		DD8FED5C1A25D1D4003F2AC2 /* libsqlite3.dylib in Frameworks */ = {isa = PBXBuildFile; fileRef = DD8FED5B1A25D1D4003F2AC2 /* libsqlite3.dylib */; };
		DD8FED5E1A25D1DA003F2AC2 /* CoreGraphics.framework in Frameworks */ = {isa = PBXBuildFile; fileRef = DD8FED5D1A25D1DA003F2AC2 /* CoreGraphics.framework */; };
		DDB63BB61A2F041C005566D5 /* FolderDB.sql in Resources */ = {isa = PBXBuildFile; fileRef = DDB63BB51A2F041C005566D5 /* FolderDB.sql */; };
		DDB63BB91A2F0432005566D5 /* FolderDB.m in Sources */ = {isa = PBXBuildFile; fileRef = DDB63BB81A2F0432005566D5 /* FolderDB.m */; };
		DDB7D0E91A243CB600DFC12F /* CreateFolderTableViewController.m in Sources */ = {isa = PBXBuildFile; fileRef = DDB7D0E81A243CB600DFC12F /* CreateFolderTableViewController.m */; };
		DDC1A66A1A21D332003C7EC9 /* main.m in Sources */ = {isa = PBXBuildFile; fileRef = DDC1A6691A21D332003C7EC9 /* main.m */; };
		DDC1A66D1A21D332003C7EC9 /* AppDelegate.m in Sources */ = {isa = PBXBuildFile; fileRef = DDC1A66C1A21D332003C7EC9 /* AppDelegate.m */; };
		DDC1A6731A21D332003C7EC9 /* Main.storyboard in Resources */ = {isa = PBXBuildFile; fileRef = DDC1A6711A21D332003C7EC9 /* Main.storyboard */; };
		DDC1A6751A21D332003C7EC9 /* Images.xcassets in Resources */ = {isa = PBXBuildFile; fileRef = DDC1A6741A21D332003C7EC9 /* Images.xcassets */; };
		DDC1A6781A21D332003C7EC9 /* LaunchScreen.xib in Resources */ = {isa = PBXBuildFile; fileRef = DDC1A6761A21D332003C7EC9 /* LaunchScreen.xib */; };
		DDC1A6841A21D332003C7EC9 /* SimpleFlashcardsJPTests.m in Sources */ = {isa = PBXBuildFile; fileRef = DDC1A6831A21D332003C7EC9 /* SimpleFlashcardsJPTests.m */; };
		DDC1A6921A21D6B8003C7EC9 /* FlashcardsNavigationController.m in Sources */ = {isa = PBXBuildFile; fileRef = DDC1A6911A21D6B8003C7EC9 /* FlashcardsNavigationController.m */; };
		DDC1A6951A21D6E7003C7EC9 /* FlashcardsTableViewController.m in Sources */ = {isa = PBXBuildFile; fileRef = DDC1A6941A21D6E7003C7EC9 /* FlashcardsTableViewController.m */; };
		DDC1A6971A21D7D4003C7EC9 /* gear.png in Resources */ = {isa = PBXBuildFile; fileRef = DDC1A6961A21D7D4003C7EC9 /* gear.png */; };
		DDC50F401A39538C009F4BFC /* EditCardTableViewController.m in Sources */ = {isa = PBXBuildFile; fileRef = DDC50F3F1A39538C009F4BFC /* EditCardTableViewController.m */; };
		DDC50F431A39659C009F4BFC /* EnterCardnameTableViewController.m in Sources */ = {isa = PBXBuildFile; fileRef = DDC50F421A39659C009F4BFC /* EnterCardnameTableViewController.m */; };
		DDCCF7581A34898B00C6BA63 /* FilenameDB.sql in Resources */ = {isa = PBXBuildFile; fileRef = DDCCF7571A34898B00C6BA63 /* FilenameDB.sql */; };
		DDCCF75B1A3489BC00C6BA63 /* FilenameDB.m in Sources */ = {isa = PBXBuildFile; fileRef = DDCCF75A1A3489BC00C6BA63 /* FilenameDB.m */; };
		DDD520861A30130200527740 /* AddFileTableViewController.m in Sources */ = {isa = PBXBuildFile; fileRef = DDD520851A30130200527740 /* AddFileTableViewController.m */; };
		DDD520891A3014AC00527740 /* CreateFileTableViewController.m in Sources */ = {isa = PBXBuildFile; fileRef = DDD520881A3014AC00527740 /* CreateFileTableViewController.m */; };
		DDDB67571A24587000921E82 /* EnterFolderNameTableViewController.m in Sources */ = {isa = PBXBuildFile; fileRef = DDDB67561A24587000921E82 /* EnterFolderNameTableViewController.m */; };
		DDDB67591A2473EB00921E82 /* textView_White.png in Resources */ = {isa = PBXBuildFile; fileRef = DDDB67581A2473EB00921E82 /* textView_White.png */; };
		DDDB675B1A24790800921E82 /* WhiteTextViewRectangle.png in Resources */ = {isa = PBXBuildFile; fileRef = DDDB675A1A24790800921E82 /* WhiteTextViewRectangle.png */; };
		DDDC2FAA1A303C1D00F342C7 /* EnterFileNameTableViewController.m in Sources */ = {isa = PBXBuildFile; fileRef = DDDC2FA91A303C1D00F342C7 /* EnterFileNameTableViewController.m */; };
/* End PBXBuildFile section */

/* Begin PBXContainerItemProxy section */
		DDC1A67E1A21D332003C7EC9 /* PBXContainerItemProxy */ = {
			isa = PBXContainerItemProxy;
			containerPortal = DDC1A65C1A21D332003C7EC9 /* Project object */;
			proxyType = 1;
			remoteGlobalIDString = DDC1A6631A21D332003C7EC9;
			remoteInfo = SimpleFlashcardsJP;
		};
/* End PBXContainerItemProxy section */

/* Begin PBXFileReference section */
		DD77F0CB1A37E89F00AC40EF /* CardTableViewController.h */ = {isa = PBXFileReference; fileEncoding = 4; lastKnownFileType = sourcecode.c.h; path = CardTableViewController.h; sourceTree = "<group>"; };
		DD77F0CC1A37E89F00AC40EF /* CardTableViewController.m */ = {isa = PBXFileReference; fileEncoding = 4; lastKnownFileType = sourcecode.c.objc; path = CardTableViewController.m; sourceTree = "<group>"; };
		DD8FED501A25CAFD003F2AC2 /* FolderNameDB.h */ = {isa = PBXFileReference; fileEncoding = 4; lastKnownFileType = sourcecode.c.h; name = FolderNameDB.h; path = SimpleFlashcardsJP/FolderNameDB.h; sourceTree = "<group>"; };
		DD8FED511A25CAFD003F2AC2 /* FolderNameDB.m */ = {isa = PBXFileReference; fileEncoding = 4; lastKnownFileType = sourcecode.c.objc; name = FolderNameDB.m; path = SimpleFlashcardsJP/FolderNameDB.m; sourceTree = "<group>"; };
		DD8FED531A25D0AC003F2AC2 /* FolderName.sql */ = {isa = PBXFileReference; lastKnownFileType = file; path = FolderName.sql; sourceTree = "<group>"; };
		DD8FED551A25D15E003F2AC2 /* Foundation.framework */ = {isa = PBXFileReference; lastKnownFileType = wrapper.framework; name = Foundation.framework; path = System/Library/Frameworks/Foundation.framework; sourceTree = SDKROOT; };
		DD8FED581A25D1BA003F2AC2 /* UIKit.framework */ = {isa = PBXFileReference; lastKnownFileType = wrapper.framework; name = UIKit.framework; path = System/Library/Frameworks/UIKit.framework; sourceTree = SDKROOT; };
		DD8FED5B1A25D1D4003F2AC2 /* libsqlite3.dylib */ = {isa = PBXFileReference; lastKnownFileType = "compiled.mach-o.dylib"; name = libsqlite3.dylib; path = usr/lib/libsqlite3.dylib; sourceTree = SDKROOT; };
		DD8FED5D1A25D1DA003F2AC2 /* CoreGraphics.framework */ = {isa = PBXFileReference; lastKnownFileType = wrapper.framework; name = CoreGraphics.framework; path = System/Library/Frameworks/CoreGraphics.framework; sourceTree = SDKROOT; };
		DDB63BB51A2F041C005566D5 /* FolderDB.sql */ = {isa = PBXFileReference; lastKnownFileType = file; path = FolderDB.sql; sourceTree = "<group>"; };
		DDB63BB71A2F0432005566D5 /* FolderDB.h */ = {isa = PBXFileReference; fileEncoding = 4; lastKnownFileType = sourcecode.c.h; path = FolderDB.h; sourceTree = "<group>"; };
		DDB63BB81A2F0432005566D5 /* FolderDB.m */ = {isa = PBXFileReference; fileEncoding = 4; lastKnownFileType = sourcecode.c.objc; path = FolderDB.m; sourceTree = "<group>"; };
		DDB7D0E71A243CB600DFC12F /* CreateFolderTableViewController.h */ = {isa = PBXFileReference; fileEncoding = 4; lastKnownFileType = sourcecode.c.h; path = CreateFolderTableViewController.h; sourceTree = "<group>"; };
		DDB7D0E81A243CB600DFC12F /* CreateFolderTableViewController.m */ = {isa = PBXFileReference; fileEncoding = 4; lastKnownFileType = sourcecode.c.objc; path = CreateFolderTableViewController.m; sourceTree = "<group>"; };
		DDC1A6641A21D332003C7EC9 /* SimpleFlashcardsJP.app */ = {isa = PBXFileReference; explicitFileType = wrapper.application; includeInIndex = 0; path = SimpleFlashcardsJP.app; sourceTree = BUILT_PRODUCTS_DIR; };
		DDC1A6681A21D332003C7EC9 /* Info.plist */ = {isa = PBXFileReference; lastKnownFileType = text.plist.xml; path = Info.plist; sourceTree = "<group>"; };
		DDC1A6691A21D332003C7EC9 /* main.m */ = {isa = PBXFileReference; lastKnownFileType = sourcecode.c.objc; path = main.m; sourceTree = "<group>"; };
		DDC1A66B1A21D332003C7EC9 /* AppDelegate.h */ = {isa = PBXFileReference; lastKnownFileType = sourcecode.c.h; path = AppDelegate.h; sourceTree = "<group>"; };
		DDC1A66C1A21D332003C7EC9 /* AppDelegate.m */ = {isa = PBXFileReference; lastKnownFileType = sourcecode.c.objc; path = AppDelegate.m; sourceTree = "<group>"; };
		DDC1A6721A21D332003C7EC9 /* Base */ = {isa = PBXFileReference; lastKnownFileType = file.storyboard; name = Base; path = Base.lproj/Main.storyboard; sourceTree = "<group>"; };
		DDC1A6741A21D332003C7EC9 /* Images.xcassets */ = {isa = PBXFileReference; lastKnownFileType = folder.assetcatalog; path = Images.xcassets; sourceTree = "<group>"; };
		DDC1A6771A21D332003C7EC9 /* Base */ = {isa = PBXFileReference; lastKnownFileType = file.xib; name = Base; path = Base.lproj/LaunchScreen.xib; sourceTree = "<group>"; };
		DDC1A67D1A21D332003C7EC9 /* SimpleFlashcardsJPTests.xctest */ = {isa = PBXFileReference; explicitFileType = wrapper.cfbundle; includeInIndex = 0; path = SimpleFlashcardsJPTests.xctest; sourceTree = BUILT_PRODUCTS_DIR; };
		DDC1A6821A21D332003C7EC9 /* Info.plist */ = {isa = PBXFileReference; lastKnownFileType = text.plist.xml; path = Info.plist; sourceTree = "<group>"; };
		DDC1A6831A21D332003C7EC9 /* SimpleFlashcardsJPTests.m */ = {isa = PBXFileReference; lastKnownFileType = sourcecode.c.objc; path = SimpleFlashcardsJPTests.m; sourceTree = "<group>"; };
		DDC1A6901A21D6B8003C7EC9 /* FlashcardsNavigationController.h */ = {isa = PBXFileReference; fileEncoding = 4; lastKnownFileType = sourcecode.c.h; name = FlashcardsNavigationController.h; path = ../FlashcardsNavigationController.h; sourceTree = "<group>"; };
		DDC1A6911A21D6B8003C7EC9 /* FlashcardsNavigationController.m */ = {isa = PBXFileReference; fileEncoding = 4; lastKnownFileType = sourcecode.c.objc; name = FlashcardsNavigationController.m; path = ../FlashcardsNavigationController.m; sourceTree = "<group>"; };
		DDC1A6931A21D6E7003C7EC9 /* FlashcardsTableViewController.h */ = {isa = PBXFileReference; fileEncoding = 4; lastKnownFileType = sourcecode.c.h; path = FlashcardsTableViewController.h; sourceTree = "<group>"; };
		DDC1A6941A21D6E7003C7EC9 /* FlashcardsTableViewController.m */ = {isa = PBXFileReference; fileEncoding = 4; lastKnownFileType = sourcecode.c.objc; path = FlashcardsTableViewController.m; sourceTree = "<group>"; };
		DDC1A6961A21D7D4003C7EC9 /* gear.png */ = {isa = PBXFileReference; lastKnownFileType = image.png; path = gear.png; sourceTree = "<group>"; };
		DDC50F3E1A39538C009F4BFC /* EditCardTableViewController.h */ = {isa = PBXFileReference; fileEncoding = 4; lastKnownFileType = sourcecode.c.h; path = EditCardTableViewController.h; sourceTree = "<group>"; };
		DDC50F3F1A39538C009F4BFC /* EditCardTableViewController.m */ = {isa = PBXFileReference; fileEncoding = 4; lastKnownFileType = sourcecode.c.objc; path = EditCardTableViewController.m; sourceTree = "<group>"; };
		DDC50F411A39659C009F4BFC /* EnterCardnameTableViewController.h */ = {isa = PBXFileReference; fileEncoding = 4; lastKnownFileType = sourcecode.c.h; path = EnterCardnameTableViewController.h; sourceTree = "<group>"; };
		DDC50F421A39659C009F4BFC /* EnterCardnameTableViewController.m */ = {isa = PBXFileReference; fileEncoding = 4; lastKnownFileType = sourcecode.c.objc; path = EnterCardnameTableViewController.m; sourceTree = "<group>"; };
		DDCCF7571A34898B00C6BA63 /* FilenameDB.sql */ = {isa = PBXFileReference; lastKnownFileType = file; path = FilenameDB.sql; sourceTree = "<group>"; };
		DDCCF7591A3489BC00C6BA63 /* FilenameDB.h */ = {isa = PBXFileReference; fileEncoding = 4; lastKnownFileType = sourcecode.c.h; path = FilenameDB.h; sourceTree = "<group>"; };
		DDCCF75A1A3489BC00C6BA63 /* FilenameDB.m */ = {isa = PBXFileReference; fileEncoding = 4; lastKnownFileType = sourcecode.c.objc; path = FilenameDB.m; sourceTree = "<group>"; };
		DDD520841A30130200527740 /* AddFileTableViewController.h */ = {isa = PBXFileReference; fileEncoding = 4; lastKnownFileType = sourcecode.c.h; path = AddFileTableViewController.h; sourceTree = "<group>"; };
		DDD520851A30130200527740 /* AddFileTableViewController.m */ = {isa = PBXFileReference; fileEncoding = 4; lastKnownFileType = sourcecode.c.objc; path = AddFileTableViewController.m; sourceTree = "<group>"; };
		DDD520871A3014AC00527740 /* CreateFileTableViewController.h */ = {isa = PBXFileReference; fileEncoding = 4; lastKnownFileType = sourcecode.c.h; path = CreateFileTableViewController.h; sourceTree = "<group>"; };
		DDD520881A3014AC00527740 /* CreateFileTableViewController.m */ = {isa = PBXFileReference; fileEncoding = 4; lastKnownFileType = sourcecode.c.objc; path = CreateFileTableViewController.m; sourceTree = "<group>"; };
		DDDB67551A24587000921E82 /* EnterFolderNameTableViewController.h */ = {isa = PBXFileReference; fileEncoding = 4; lastKnownFileType = sourcecode.c.h; path = EnterFolderNameTableViewController.h; sourceTree = "<group>"; };
		DDDB67561A24587000921E82 /* EnterFolderNameTableViewController.m */ = {isa = PBXFileReference; fileEncoding = 4; lastKnownFileType = sourcecode.c.objc; path = EnterFolderNameTableViewController.m; sourceTree = "<group>"; };
		DDDB67581A2473EB00921E82 /* textView_White.png */ = {isa = PBXFileReference; lastKnownFileType = image.png; path = textView_White.png; sourceTree = "<group>"; };
		DDDB675A1A24790800921E82 /* WhiteTextViewRectangle.png */ = {isa = PBXFileReference; lastKnownFileType = image.png; path = WhiteTextViewRectangle.png; sourceTree = "<group>"; };
		DDDC2FA81A303C1D00F342C7 /* EnterFileNameTableViewController.h */ = {isa = PBXFileReference; fileEncoding = 4; lastKnownFileType = sourcecode.c.h; path = EnterFileNameTableViewController.h; sourceTree = "<group>"; };
		DDDC2FA91A303C1D00F342C7 /* EnterFileNameTableViewController.m */ = {isa = PBXFileReference; fileEncoding = 4; lastKnownFileType = sourcecode.c.objc; path = EnterFileNameTableViewController.m; sourceTree = "<group>"; };
/* End PBXFileReference section */

/* Begin PBXFrameworksBuildPhase section */
		DDC1A6611A21D332003C7EC9 /* Frameworks */ = {
			isa = PBXFrameworksBuildPhase;
			buildActionMask = 2147483647;
			files = (
				DD8FED5E1A25D1DA003F2AC2 /* CoreGraphics.framework in Frameworks */,
				DD8FED5C1A25D1D4003F2AC2 /* libsqlite3.dylib in Frameworks */,
				DD8FED5A1A25D1C4003F2AC2 /* Foundation.framework in Frameworks */,
				DD8FED591A25D1BA003F2AC2 /* UIKit.framework in Frameworks */,
			);
			runOnlyForDeploymentPostprocessing = 0;
		};
		DDC1A67A1A21D332003C7EC9 /* Frameworks */ = {
			isa = PBXFrameworksBuildPhase;
			buildActionMask = 2147483647;
			files = (
			);
			runOnlyForDeploymentPostprocessing = 0;
		};
/* End PBXFrameworksBuildPhase section */

/* Begin PBXGroup section */
		DD8FED571A25D198003F2AC2 /* Frameworks */ = {
			isa = PBXGroup;
			children = (
				DD8FED5D1A25D1DA003F2AC2 /* CoreGraphics.framework */,
				DD8FED5B1A25D1D4003F2AC2 /* libsqlite3.dylib */,
				DD8FED581A25D1BA003F2AC2 /* UIKit.framework */,
				DD8FED551A25D15E003F2AC2 /* Foundation.framework */,
			);
			name = Frameworks;
			sourceTree = "<group>";
		};
		DDC1A65B1A21D332003C7EC9 = {
			isa = PBXGroup;
			children = (
				DD8FED531A25D0AC003F2AC2 /* FolderName.sql */,
				DD8FED501A25CAFD003F2AC2 /* FolderNameDB.h */,
				DD8FED511A25CAFD003F2AC2 /* FolderNameDB.m */,
				DDB63BB51A2F041C005566D5 /* FolderDB.sql */,
				DDB63BB71A2F0432005566D5 /* FolderDB.h */,
				DDB63BB81A2F0432005566D5 /* FolderDB.m */,
				DDCCF7571A34898B00C6BA63 /* FilenameDB.sql */,
				DDCCF7591A3489BC00C6BA63 /* FilenameDB.h */,
				DDCCF75A1A3489BC00C6BA63 /* FilenameDB.m */,
				DDC1A6661A21D332003C7EC9 /* SimpleFlashcardsJP */,
				DDC1A6801A21D332003C7EC9 /* SimpleFlashcardsJPTests */,
				DDC1A6651A21D332003C7EC9 /* Products */,
				DD8FED571A25D198003F2AC2 /* Frameworks */,
			);
			sourceTree = "<group>";
		};
		DDC1A6651A21D332003C7EC9 /* Products */ = {
			isa = PBXGroup;
			children = (
				DDC1A6641A21D332003C7EC9 /* SimpleFlashcardsJP.app */,
				DDC1A67D1A21D332003C7EC9 /* SimpleFlashcardsJPTests.xctest */,
			);
			name = Products;
			sourceTree = "<group>";
		};
		DDC1A6661A21D332003C7EC9 /* SimpleFlashcardsJP */ = {
			isa = PBXGroup;
			children = (
				DDC1A66B1A21D332003C7EC9 /* AppDelegate.h */,
				DDC1A66C1A21D332003C7EC9 /* AppDelegate.m */,
				DDC1A6901A21D6B8003C7EC9 /* FlashcardsNavigationController.h */,
				DDC1A6911A21D6B8003C7EC9 /* FlashcardsNavigationController.m */,
				DDC1A6931A21D6E7003C7EC9 /* FlashcardsTableViewController.h */,
				DDC1A6941A21D6E7003C7EC9 /* FlashcardsTableViewController.m */,
				DDB7D0E71A243CB600DFC12F /* CreateFolderTableViewController.h */,
				DDB7D0E81A243CB600DFC12F /* CreateFolderTableViewController.m */,
				DDDB67551A24587000921E82 /* EnterFolderNameTableViewController.h */,
				DDDB67561A24587000921E82 /* EnterFolderNameTableViewController.m */,
				DDD520841A30130200527740 /* AddFileTableViewController.h */,
				DDD520851A30130200527740 /* AddFileTableViewController.m */,
				DDD520871A3014AC00527740 /* CreateFileTableViewController.h */,
				DDD520881A3014AC00527740 /* CreateFileTableViewController.m */,
				DDDC2FA81A303C1D00F342C7 /* EnterFileNameTableViewController.h */,
				DDDC2FA91A303C1D00F342C7 /* EnterFileNameTableViewController.m */,
				DD77F0CB1A37E89F00AC40EF /* CardTableViewController.h */,
				DD77F0CC1A37E89F00AC40EF /* CardTableViewController.m */,
				DDC50F3E1A39538C009F4BFC /* EditCardTableViewController.h */,
				DDC50F3F1A39538C009F4BFC /* EditCardTableViewController.m */,
				DDC50F411A39659C009F4BFC /* EnterCardnameTableViewController.h */,
				DDC50F421A39659C009F4BFC /* EnterCardnameTableViewController.m */,
				DDC1A6711A21D332003C7EC9 /* Main.storyboard */,
				DDC1A6741A21D332003C7EC9 /* Images.xcassets */,
				DDC1A6761A21D332003C7EC9 /* LaunchScreen.xib */,
				DDC1A6671A21D332003C7EC9 /* Supporting Files */,
			);
			path = SimpleFlashcardsJP;
			sourceTree = "<group>";
		};
		DDC1A6671A21D332003C7EC9 /* Supporting Files */ = {
			isa = PBXGroup;
			children = (
				DDDB67581A2473EB00921E82 /* textView_White.png */,
				DDDB675A1A24790800921E82 /* WhiteTextViewRectangle.png */,
				DDC1A6961A21D7D4003C7EC9 /* gear.png */,
				DDC1A6681A21D332003C7EC9 /* Info.plist */,
				DDC1A6691A21D332003C7EC9 /* main.m */,
			);
			name = "Supporting Files";
			sourceTree = "<group>";
		};
		DDC1A6801A21D332003C7EC9 /* SimpleFlashcardsJPTests */ = {
			isa = PBXGroup;
			children = (
				DDC1A6831A21D332003C7EC9 /* SimpleFlashcardsJPTests.m */,
				DDC1A6811A21D332003C7EC9 /* Supporting Files */,
			);
			path = SimpleFlashcardsJPTests;
			sourceTree = "<group>";
		};
		DDC1A6811A21D332003C7EC9 /* Supporting Files */ = {
			isa = PBXGroup;
			children = (
				DDC1A6821A21D332003C7EC9 /* Info.plist */,
			);
			name = "Supporting Files";
			sourceTree = "<group>";
		};
/* End PBXGroup section */

/* Begin PBXNativeTarget section */
		DDC1A6631A21D332003C7EC9 /* SimpleFlashcardsJP */ = {
			isa = PBXNativeTarget;
			buildConfigurationList = DDC1A6871A21D332003C7EC9 /* Build configuration list for PBXNativeTarget "SimpleFlashcardsJP" */;
			buildPhases = (
				DDC1A6601A21D332003C7EC9 /* Sources */,
				DDC1A6611A21D332003C7EC9 /* Frameworks */,
				DDC1A6621A21D332003C7EC9 /* Resources */,
			);
			buildRules = (
			);
			dependencies = (
			);
			name = SimpleFlashcardsJP;
			productName = SimpleFlashcardsJP;
			productReference = DDC1A6641A21D332003C7EC9 /* SimpleFlashcardsJP.app */;
			productType = "com.apple.product-type.application";
		};
		DDC1A67C1A21D332003C7EC9 /* SimpleFlashcardsJPTests */ = {
			isa = PBXNativeTarget;
			buildConfigurationList = DDC1A68A1A21D332003C7EC9 /* Build configuration list for PBXNativeTarget "SimpleFlashcardsJPTests" */;
			buildPhases = (
				DDC1A6791A21D332003C7EC9 /* Sources */,
				DDC1A67A1A21D332003C7EC9 /* Frameworks */,
				DDC1A67B1A21D332003C7EC9 /* Resources */,
			);
			buildRules = (
			);
			dependencies = (
				DDC1A67F1A21D332003C7EC9 /* PBXTargetDependency */,
			);
			name = SimpleFlashcardsJPTests;
			productName = SimpleFlashcardsJPTests;
			productReference = DDC1A67D1A21D332003C7EC9 /* SimpleFlashcardsJPTests.xctest */;
			productType = "com.apple.product-type.bundle.unit-test";
		};
/* End PBXNativeTarget section */

/* Begin PBXProject section */
		DDC1A65C1A21D332003C7EC9 /* Project object */ = {
			isa = PBXProject;
			attributes = {
				LastUpgradeCheck = 0610;
				ORGANIZATIONNAME = Self;
				TargetAttributes = {
					DDC1A6631A21D332003C7EC9 = {
						CreatedOnToolsVersion = 6.1;
					};
					DDC1A67C1A21D332003C7EC9 = {
						CreatedOnToolsVersion = 6.1;
						TestTargetID = DDC1A6631A21D332003C7EC9;
					};
				};
			};
			buildConfigurationList = DDC1A65F1A21D332003C7EC9 /* Build configuration list for PBXProject "SimpleFlashcardsJP" */;
			compatibilityVersion = "Xcode 3.2";
			developmentRegion = English;
			hasScannedForEncodings = 0;
			knownRegions = (
				en,
				Base,
			);
			mainGroup = DDC1A65B1A21D332003C7EC9;
			productRefGroup = DDC1A6651A21D332003C7EC9 /* Products */;
			projectDirPath = "";
			projectRoot = "";
			targets = (
				DDC1A6631A21D332003C7EC9 /* SimpleFlashcardsJP */,
				DDC1A67C1A21D332003C7EC9 /* SimpleFlashcardsJPTests */,
			);
		};
/* End PBXProject section */

/* Begin PBXResourcesBuildPhase section */
		DDC1A6621A21D332003C7EC9 /* Resources */ = {
			isa = PBXResourcesBuildPhase;
			buildActionMask = 2147483647;
			files = (
				DDDB675B1A24790800921E82 /* WhiteTextViewRectangle.png in Resources */,
				DD8FED541A25D0AC003F2AC2 /* FolderName.sql in Resources */,
				DDC1A6731A21D332003C7EC9 /* Main.storyboard in Resources */,
				DDDB67591A2473EB00921E82 /* textView_White.png in Resources */,
				DDB63BB61A2F041C005566D5 /* FolderDB.sql in Resources */,
				DDC1A6781A21D332003C7EC9 /* LaunchScreen.xib in Resources */,
				DDC1A6971A21D7D4003C7EC9 /* gear.png in Resources */,
				DDCCF7581A34898B00C6BA63 /* FilenameDB.sql in Resources */,
				DDC1A6751A21D332003C7EC9 /* Images.xcassets in Resources */,
			);
			runOnlyForDeploymentPostprocessing = 0;
		};
		DDC1A67B1A21D332003C7EC9 /* Resources */ = {
			isa = PBXResourcesBuildPhase;
			buildActionMask = 2147483647;
			files = (
			);
			runOnlyForDeploymentPostprocessing = 0;
		};
/* End PBXResourcesBuildPhase section */

/* Begin PBXSourcesBuildPhase section */
		DDC1A6601A21D332003C7EC9 /* Sources */ = {
			isa = PBXSourcesBuildPhase;
			buildActionMask = 2147483647;
			files = (
				DDDC2FAA1A303C1D00F342C7 /* EnterFileNameTableViewController.m in Sources */,
				DD77F0CD1A37E89F00AC40EF /* CardTableViewController.m in Sources */,
				DDC1A6951A21D6E7003C7EC9 /* FlashcardsTableViewController.m in Sources */,
				DD8FED521A25CAFD003F2AC2 /* FolderNameDB.m in Sources */,
				DDD520861A30130200527740 /* AddFileTableViewController.m in Sources */,
				DDDB67571A24587000921E82 /* EnterFolderNameTableViewController.m in Sources */,
				DDC1A6921A21D6B8003C7EC9 /* FlashcardsNavigationController.m in Sources */,
				DDD520891A3014AC00527740 /* CreateFileTableViewController.m in Sources */,
				DDC1A66D1A21D332003C7EC9 /* AppDelegate.m in Sources */,
				DDC50F431A39659C009F4BFC /* EnterCardnameTableViewController.m in Sources */,
				DDB7D0E91A243CB600DFC12F /* CreateFolderTableViewController.m in Sources */,
				DDC1A66A1A21D332003C7EC9 /* main.m in Sources */,
				DDCCF75B1A3489BC00C6BA63 /* FilenameDB.m in Sources */,
				DDB63BB91A2F0432005566D5 /* FolderDB.m in Sources */,
				DDC50F401A39538C009F4BFC /* EditCardTableViewController.m in Sources */,
			);
			runOnlyForDeploymentPostprocessing = 0;
		};
		DDC1A6791A21D332003C7EC9 /* Sources */ = {
			isa = PBXSourcesBuildPhase;
			buildActionMask = 2147483647;
			files = (
				DDC1A6841A21D332003C7EC9 /* SimpleFlashcardsJPTests.m in Sources */,
			);
			runOnlyForDeploymentPostprocessing = 0;
		};
/* End PBXSourcesBuildPhase section */

/* Begin PBXTargetDependency section */
		DDC1A67F1A21D332003C7EC9 /* PBXTargetDependency */ = {
			isa = PBXTargetDependency;
			target = DDC1A6631A21D332003C7EC9 /* SimpleFlashcardsJP */;
			targetProxy = DDC1A67E1A21D332003C7EC9 /* PBXContainerItemProxy */;
		};
/* End PBXTargetDependency section */

/* Begin PBXVariantGroup section */
		DDC1A6711A21D332003C7EC9 /* Main.storyboard */ = {
			isa = PBXVariantGroup;
			children = (
				DDC1A6721A21D332003C7EC9 /* Base */,
			);
			name = Main.storyboard;
			sourceTree = "<group>";
		};
		DDC1A6761A21D332003C7EC9 /* LaunchScreen.xib */ = {
			isa = PBXVariantGroup;
			children = (
				DDC1A6771A21D332003C7EC9 /* Base */,
			);
			name = LaunchScreen.xib;
			sourceTree = "<group>";
		};
/* End PBXVariantGroup section */

/* Begin XCBuildConfiguration section */
		DDC1A6851A21D332003C7EC9 /* Debug */ = {
			isa = XCBuildConfiguration;
			buildSettings = {
				ALWAYS_SEARCH_USER_PATHS = NO;
				CLANG_CXX_LANGUAGE_STANDARD = "gnu++0x";
				CLANG_CXX_LIBRARY = "libc++";
				CLANG_ENABLE_MODULES = YES;
				CLANG_ENABLE_OBJC_ARC = YES;
				CLANG_WARN_BOOL_CONVERSION = YES;
				CLANG_WARN_CONSTANT_CONVERSION = YES;
				CLANG_WARN_DIRECT_OBJC_ISA_USAGE = YES_ERROR;
				CLANG_WARN_EMPTY_BODY = YES;
				CLANG_WARN_ENUM_CONVERSION = YES;
				CLANG_WARN_INT_CONVERSION = YES;
				CLANG_WARN_OBJC_ROOT_CLASS = YES_ERROR;
				CLANG_WARN_UNREACHABLE_CODE = YES;
				CLANG_WARN__DUPLICATE_METHOD_MATCH = YES;
				"CODE_SIGN_IDENTITY[sdk=iphoneos*]" = "iPhone Developer";
				COPY_PHASE_STRIP = NO;
				ENABLE_STRICT_OBJC_MSGSEND = YES;
				GCC_C_LANGUAGE_STANDARD = gnu99;
				GCC_DYNAMIC_NO_PIC = NO;
				GCC_OPTIMIZATION_LEVEL = 0;
				GCC_PREPROCESSOR_DEFINITIONS = (
					"DEBUG=1",
					"$(inherited)",
				);
				GCC_SYMBOLS_PRIVATE_EXTERN = NO;
				GCC_WARN_64_TO_32_BIT_CONVERSION = YES;
				GCC_WARN_ABOUT_RETURN_TYPE = YES_ERROR;
				GCC_WARN_UNDECLARED_SELECTOR = YES;
				GCC_WARN_UNINITIALIZED_AUTOS = YES_AGGRESSIVE;
				GCC_WARN_UNUSED_FUNCTION = YES;
				GCC_WARN_UNUSED_VARIABLE = YES;
				IPHONEOS_DEPLOYMENT_TARGET = 8.1;
				MTL_ENABLE_DEBUG_INFO = YES;
				ONLY_ACTIVE_ARCH = YES;
				SDKROOT = iphoneos;
			};
			name = Debug;
		};
		DDC1A6861A21D332003C7EC9 /* Release */ = {
			isa = XCBuildConfiguration;
			buildSettings = {
				ALWAYS_SEARCH_USER_PATHS = NO;
				CLANG_CXX_LANGUAGE_STANDARD = "gnu++0x";
				CLANG_CXX_LIBRARY = "libc++";
				CLANG_ENABLE_MODULES = YES;
				CLANG_ENABLE_OBJC_ARC = YES;
				CLANG_WARN_BOOL_CONVERSION = YES;
				CLANG_WARN_CONSTANT_CONVERSION = YES;
				CLANG_WARN_DIRECT_OBJC_ISA_USAGE = YES_ERROR;
				CLANG_WARN_EMPTY_BODY = YES;
				CLANG_WARN_ENUM_CONVERSION = YES;
				CLANG_WARN_INT_CONVERSION = YES;
				CLANG_WARN_OBJC_ROOT_CLASS = YES_ERROR;
				CLANG_WARN_UNREACHABLE_CODE = YES;
				CLANG_WARN__DUPLICATE_METHOD_MATCH = YES;
				"CODE_SIGN_IDENTITY[sdk=iphoneos*]" = "iPhone Developer";
				COPY_PHASE_STRIP = YES;
				ENABLE_NS_ASSERTIONS = NO;
				ENABLE_STRICT_OBJC_MSGSEND = YES;
				GCC_C_LANGUAGE_STANDARD = gnu99;
				GCC_WARN_64_TO_32_BIT_CONVERSION = YES;
				GCC_WARN_ABOUT_RETURN_TYPE = YES_ERROR;
				GCC_WARN_UNDECLARED_SELECTOR = YES;
				GCC_WARN_UNINITIALIZED_AUTOS = YES_AGGRESSIVE;
				GCC_WARN_UNUSED_FUNCTION = YES;
				GCC_WARN_UNUSED_VARIABLE = YES;
				IPHONEOS_DEPLOYMENT_TARGET = 8.1;
				MTL_ENABLE_DEBUG_INFO = NO;
				SDKROOT = iphoneos;
				VALIDATE_PRODUCT = YES;
			};
			name = Release;
		};
		DDC1A6881A21D332003C7EC9 /* Debug */ = {
			isa = XCBuildConfiguration;
			buildSettings = {
				ASSETCATALOG_COMPILER_APPICON_NAME = AppIcon;
				INFOPLIST_FILE = SimpleFlashcardsJP/Info.plist;
				LD_RUNPATH_SEARCH_PATHS = "$(inherited) @executable_path/Frameworks";
				PRODUCT_NAME = "$(TARGET_NAME)";
			};
			name = Debug;
		};
		DDC1A6891A21D332003C7EC9 /* Release */ = {
			isa = XCBuildConfiguration;
			buildSettings = {
				ASSETCATALOG_COMPILER_APPICON_NAME = AppIcon;
				INFOPLIST_FILE = SimpleFlashcardsJP/Info.plist;
				LD_RUNPATH_SEARCH_PATHS = "$(inherited) @executable_path/Frameworks";
				PRODUCT_NAME = "$(TARGET_NAME)";
			};
			name = Release;
		};
		DDC1A68B1A21D332003C7EC9 /* Debug */ = {
			isa = XCBuildConfiguration;
			buildSettings = {
				BUNDLE_LOADER = "$(TEST_HOST)";
				FRAMEWORK_SEARCH_PATHS = (
					"$(SDKROOT)/Developer/Library/Frameworks",
					"$(inherited)",
				);
				GCC_PREPROCESSOR_DEFINITIONS = (
					"DEBUG=1",
					"$(inherited)",
				);
				INFOPLIST_FILE = SimpleFlashcardsJPTests/Info.plist;
				LD_RUNPATH_SEARCH_PATHS = "$(inherited) @executable_path/Frameworks @loader_path/Frameworks";
				PRODUCT_NAME = "$(TARGET_NAME)";
				TEST_HOST = "$(BUILT_PRODUCTS_DIR)/SimpleFlashcardsJP.app/SimpleFlashcardsJP";
			};
			name = Debug;
		};
		DDC1A68C1A21D332003C7EC9 /* Release */ = {
			isa = XCBuildConfiguration;
			buildSettings = {
				BUNDLE_LOADER = "$(TEST_HOST)";
				FRAMEWORK_SEARCH_PATHS = (
					"$(SDKROOT)/Developer/Library/Frameworks",
					"$(inherited)",
				);
				INFOPLIST_FILE = SimpleFlashcardsJPTests/Info.plist;
				LD_RUNPATH_SEARCH_PATHS = "$(inherited) @executable_path/Frameworks @loader_path/Frameworks";
				PRODUCT_NAME = "$(TARGET_NAME)";
				TEST_HOST = "$(BUILT_PRODUCTS_DIR)/SimpleFlashcardsJP.app/SimpleFlashcardsJP";
			};
			name = Release;
		};
/* End XCBuildConfiguration section */

/* Begin XCConfigurationList section */
		DDC1A65F1A21D332003C7EC9 /* Build configuration list for PBXProject "SimpleFlashcardsJP" */ = {
			isa = XCConfigurationList;
			buildConfigurations = (
				DDC1A6851A21D332003C7EC9 /* Debug */,
				DDC1A6861A21D332003C7EC9 /* Release */,
			);
			defaultConfigurationIsVisible = 0;
			defaultConfigurationName = Release;
		};
		DDC1A6871A21D332003C7EC9 /* Build configuration list for PBXNativeTarget "SimpleFlashcardsJP" */ = {
			isa = XCConfigurationList;
			buildConfigurations = (
				DDC1A6881A21D332003C7EC9 /* Debug */,
				DDC1A6891A21D332003C7EC9 /* Release */,
			);
			defaultConfigurationIsVisible = 0;
			defaultConfigurationName = Release;
		};
		DDC1A68A1A21D332003C7EC9 /* Build configuration list for PBXNativeTarget "SimpleFlashcardsJPTests" */ = {
			isa = XCConfigurationList;
			buildConfigurations = (
				DDC1A68B1A21D332003C7EC9 /* Debug */,
				DDC1A68C1A21D332003C7EC9 /* Release */,
			);
			defaultConfigurationIsVisible = 0;
			defaultConfigurationName = Release;
		};
/* End XCConfigurationList section */
	};
	rootObject = DDC1A65C1A21D332003C7EC9 /* Project object */;
}
